# This file was autogenerated by Stack.
# You should not edit this file by hand.
# For more information, please see the documentation at:
#   https://docs.haskellstack.org/en/stable/lock_files

packages:
- completed:
    hackage: freetype2-0.2.0@sha256:48a08025a1baae6cefd3462ee79a9d7ff2bad438ccc533dcda6b84da577e1fdc,32628
    pantry-tree:
      size: 40966
      sha256: dec3d84185836bf70a79aa404094c97d9638ca8780afb1ae6b8e24207c6847fe
  original:
    hackage: freetype2-0.2.0
- completed:
    hackage: gi-freetype2-2.0.1@sha256:86c6104db20113532739e268cd74000553fd5b80aaab85b4dbfa3d7b65ef74d2,2739
    pantry-tree:
      size: 306
      sha256: eef5da8c17384a131ea200b4094843dd67b827a361843d4f14376b363fdb2156
  original:
    hackage: gi-freetype2-2.0.1
snapshots:
- completed:
    size: 617368
    url: https://raw.githubusercontent.com/commercialhaskell/stackage-snapshots/master/lts/19/2.yaml
    sha256: e7e57649a12f6178d1158e4b6f1f1885ed56d210ae6174385271cecc9b1ea974
  original:
    url: https://raw.githubusercontent.com/commercialhaskell/stackage-snapshots/master/lts/19/2.yaml
